<?xml version="1.0" encoding="utf-8"?>
<Project ToolsVersion="4.0" xmlns="http://schemas.microsoft.com/developer/msbuild/2003">
  <ItemGroup>
    <Filter Include="Source Files">
      <UniqueIdentifier>{4FC737F1-C7A5-4376-A066-2A32D752A2FF}</UniqueIdentifier>
      <Extensions>cpp;c;cc;cxx;def;odl;idl;hpj;bat;asm;asmx</Extensions>
    </Filter>
    <Filter Include="Header Files">
      <UniqueIdentifier>{93995380-89BD-4b04-88EB-625FBE52EBFB}</UniqueIdentifier>
      <Extensions>h;hh;hpp;hxx;hm;inl;inc;xsd</Extensions>
    </Filter>
    <Filter Include="Resource Files">
      <UniqueIdentifier>{67DA6AB6-F800-4c08-8B7A-83BB121AAD01}</UniqueIdentifier>
      <Extensions>rc;ico;cur;bmp;dlg;rc2;rct;bin;rgs;gif;jpg;jpeg;jpe;resx;tiff;tif;png;wav;mfcribbon-ms</Extensions>
    </Filter>
    <Filter Include="Header Files\CTP">
      <UniqueIdentifier>{02349433-a756-4262-a29f-29793094c1b5}</UniqueIdentifier>
    </Filter>
    <Filter Include="Header Files\rapidjson">
      <UniqueIdentifier>{b4d7c207-98b7-4022-b3cb-1f192b891cb6}</UniqueIdentifier>
    </Filter>
  </ItemGroup>
  <ItemGroup>
    <ClInclude Include="include\Market.h">
      <Filter>Header Files</Filter>
    </ClInclude>
    <ClInclude Include="include\Contract.h">
      <Filter>Header Files</Filter>
    </ClInclude>
    <ClInclude Include="include\Robot.h">
      <Filter>Header Files</Filter>
    </ClInclude>
    <ClInclude Include="include\rapidjson\error\en.h">
      <Filter>Header Files</Filter>
    </ClInclude>
    <ClInclude Include="include\rapidjson\error\error.h">
      <Filter>Header Files</Filter>
    </ClInclude>
    <ClInclude Include="include\rapidjson\internal\biginteger.h">
      <Filter>Header Files</Filter>
    </ClInclude>
    <ClInclude Include="include\rapidjson\internal\diyfp.h">
      <Filter>Header Files</Filter>
    </ClInclude>
    <ClInclude Include="include\rapidjson\internal\dtoa.h">
      <Filter>Header Files</Filter>
    </ClInclude>
    <ClInclude Include="include\rapidjson\internal\ieee754.h">
      <Filter>Header Files</Filter>
    </ClInclude>
    <ClInclude Include="include\rapidjson\internal\itoa.h">
      <Filter>Header Files</Filter>
    </ClInclude>
    <ClInclude Include="include\rapidjson\internal\meta.h">
      <Filter>Header Files</Filter>
    </ClInclude>
    <ClInclude Include="include\rapidjson\internal\pow10.h">
      <Filter>Header Files</Filter>
    </ClInclude>
    <ClInclude Include="include\rapidjson\internal\regex.h">
      <Filter>Header Files</Filter>
    </ClInclude>
    <ClInclude Include="include\rapidjson\internal\stack.h">
      <Filter>Header Files</Filter>
    </ClInclude>
    <ClInclude Include="include\rapidjson\internal\strfunc.h">
      <Filter>Header Files</Filter>
    </ClInclude>
    <ClInclude Include="include\rapidjson\internal\strtod.h">
      <Filter>Header Files</Filter>
    </ClInclude>
    <ClInclude Include="include\rapidjson\internal\swap.h">
      <Filter>Header Files</Filter>
    </ClInclude>
    <ClInclude Include="include\rapidjson\msinttypes\inttypes.h">
      <Filter>Header Files</Filter>
    </ClInclude>
    <ClInclude Include="include\rapidjson\msinttypes\stdint.h">
      <Filter>Header Files</Filter>
    </ClInclude>
    <ClInclude Include="include\rapidjson\allocators.h">
      <Filter>Header Files</Filter>
    </ClInclude>
    <ClInclude Include="include\rapidjson\document.h">
      <Filter>Header Files</Filter>
    </ClInclude>
    <ClInclude Include="include\rapidjson\encodedstream.h">
      <Filter>Header Files</Filter>
    </ClInclude>
    <ClInclude Include="include\rapidjson\encodings.h">
      <Filter>Header Files</Filter>
    </ClInclude>
    <ClInclude Include="include\rapidjson\filereadstream.h">
      <Filter>Header Files</Filter>
    </ClInclude>
    <ClInclude Include="include\rapidjson\filewritestream.h">
      <Filter>Header Files</Filter>
    </ClInclude>
    <ClInclude Include="include\rapidjson\fwd.h">
      <Filter>Header Files</Filter>
    </ClInclude>
    <ClInclude Include="include\rapidjson\istreamwrapper.h">
      <Filter>Header Files</Filter>
    </ClInclude>
    <ClInclude Include="include\rapidjson\memorybuffer.h">
      <Filter>Header Files</Filter>
    </ClInclude>
    <ClInclude Include="include\rapidjson\memorystream.h">
      <Filter>Header Files</Filter>
    </ClInclude>
    <ClInclude Include="include\rapidjson\ostreamwrapper.h">
      <Filter>Header Files</Filter>
    </ClInclude>
    <ClInclude Include="include\rapidjson\pointer.h">
      <Filter>Header Files</Filter>
    </ClInclude>
    <ClInclude Include="include\rapidjson\prettywriter.h">
      <Filter>Header Files</Filter>
    </ClInclude>
    <ClInclude Include="include\rapidjson\rapidjson.h">
      <Filter>Header Files</Filter>
    </ClInclude>
    <ClInclude Include="include\rapidjson\reader.h">
      <Filter>Header Files</Filter>
    </ClInclude>
    <ClInclude Include="include\rapidjson\schema.h">
      <Filter>Header Files</Filter>
    </ClInclude>
    <ClInclude Include="include\rapidjson\stream.h">
      <Filter>Header Files</Filter>
    </ClInclude>
    <ClInclude Include="include\rapidjson\stringbuffer.h">
      <Filter>Header Files</Filter>
    </ClInclude>
    <ClInclude Include="include\rapidjson\writer.h">
      <Filter>Header Files</Filter>
    </ClInclude>
    <ClInclude Include="include\DualTrust.h">
      <Filter>Header Files</Filter>
    </ClInclude>
    <ClInclude Include="include\TimeUtil.h">
      <Filter>Header Files</Filter>
    </ClInclude>
    <ClInclude Include="include\Trader.h">
      <Filter>Header Files</Filter>
    </ClInclude>
    <ClInclude Include="include\Logger.h">
      <Filter>Header Files</Filter>
    </ClInclude>
    <ClInclude Include="include\TickData.h">
      <Filter>Header Files</Filter>
    </ClInclude>
    <ClInclude Include="include\RobotFactory.h">
      <Filter>Header Files</Filter>
    </ClInclude>
    <ClInclude Include="include\Global.h">
      <Filter>Header Files</Filter>
    </ClInclude>
    <ClInclude Include="include\BollBreak.h">
      <Filter>Header Files</Filter>
    </ClInclude>
    <ClInclude Include="include\MarketSpi.h">
      <Filter>Header Files</Filter>
    </ClInclude>
    <ClInclude Include="include\TraderSpi.h">
      <Filter>Header Files</Filter>
    </ClInclude>
    <ClInclude Include="include\Order.h">
      <Filter>Header Files</Filter>
    </ClInclude>
    <ClInclude Include="include\OrderMsg.h">
      <Filter>Header Files</Filter>
    </ClInclude>
    <ClInclude Include="include\Chart.h">
      <Filter>Header Files</Filter>
    </ClInclude>
    <ClInclude Include="include\Bar.h">
      <Filter>Header Files</Filter>
    </ClInclude>
    <ClInclude Include="include\ctp\ThostFtdcMdApi.h">
      <Filter>Header Files\CTP</Filter>
    </ClInclude>
    <ClInclude Include="include\ctp\ThostFtdcTraderApi.h">
      <Filter>Header Files\CTP</Filter>
    </ClInclude>
    <ClInclude Include="include\ctp\ThostFtdcUserApiDataType.h">
      <Filter>Header Files\CTP</Filter>
    </ClInclude>
    <ClInclude Include="include\ctp\ThostFtdcUserApiStruct.h">
      <Filter>Header Files\CTP</Filter>
    </ClInclude>
    <ClInclude Include="include\SingleMA.h">
      <Filter>Header Files</Filter>
    </ClInclude>
    <ClInclude Include="include\Util.h">
      <Filter>Header Files</Filter>
    </ClInclude>
    <ClInclude Include="include\Statistics.h">
      <Filter>Header Files</Filter>
    </ClInclude>
    <ClInclude Include="include\Turtle.h">
      <Filter>Header Files</Filter>
    </ClInclude>
    <ClInclude Include="include\MABreak.h">
      <Filter>Header Files</Filter>
    </ClInclude>
  </ItemGroup>
  <ItemGroup>
    <ClCompile Include="src\Contract.cpp">
      <Filter>Source Files</Filter>
    </ClCompile>
    <ClCompile Include="src\Market.cpp">
      <Filter>Source Files</Filter>
    </ClCompile>
    <ClCompile Include="src\DualTrust.cpp">
      <Filter>Source Files</Filter>
    </ClCompile>
    <ClCompile Include="src\TimeUtil.cpp">
      <Filter>Source Files</Filter>
    </ClCompile>
    <ClCompile Include="src\Trader.cpp">
      <Filter>Source Files</Filter>
    </ClCompile>
    <ClCompile Include="src\Logger.cpp">
      <Filter>Source Files</Filter>
    </ClCompile>
    <ClCompile Include="src\Global.cpp">
      <Filter>Source Files</Filter>
    </ClCompile>
    <ClCompile Include="src\BollBreak.cpp">
      <Filter>Source Files</Filter>
    </ClCompile>
    <ClCompile Include="src\MarketSpi.cpp">
      <Filter>Source Files</Filter>
    </ClCompile>
    <ClCompile Include="src\TraderSpi.cpp">
      <Filter>Source Files</Filter>
    </ClCompile>
    <ClCompile Include="src\Order.cpp">
      <Filter>Source Files</Filter>
    </ClCompile>
    <ClCompile Include="src\Chart.cpp">
      <Filter>Source Files</Filter>
    </ClCompile>
    <ClCompile Include="src\SingleMA.cpp">
      <Filter>Source Files</Filter>
    </ClCompile>
    <ClCompile Include="src\Util.cpp">
      <Filter>Source Files</Filter>
    </ClCompile>
    <ClCompile Include="src\Statistics.cpp">
      <Filter>Source Files</Filter>
    </ClCompile>
    <ClCompile Include="src\SRobot.cpp">
      <Filter>Source Files</Filter>
    </ClCompile>
    <ClCompile Include="src\Turtle.cpp">
      <Filter>Source Files</Filter>
    </ClCompile>
    <ClCompile Include="src\MABreak.cpp">
      <Filter>Source Files</Filter>
    </ClCompile>
  </ItemGroup>
</Project>